// !$*UTF8*$!
{
	archiveVersion = 1;
	classes = {
	};
	objectVersion = 46;
	objects = {

/* Begin PBXBuildFile section */
		E606C3721D4F03AA00BE4A07 /* ScanQRCodeViewController.m in Sources */ = {isa = PBXBuildFile; fileRef = E606C3711D4F03AA00BE4A07 /* ScanQRCodeViewController.m */; };
		E60C1BFC1D50602C005A9A6E /* ExpressHistoryViewController.m in Sources */ = {isa = PBXBuildFile; fileRef = E60C1BFB1D50602C005A9A6E /* ExpressHistoryViewController.m */; };
		E617B3FC1D447A8100701817 /* main.m in Sources */ = {isa = PBXBuildFile; fileRef = E617B3FB1D447A8100701817 /* main.m */; };
		E617B3FF1D447A8100701817 /* AppDelegate.m in Sources */ = {isa = PBXBuildFile; fileRef = E617B3FE1D447A8100701817 /* AppDelegate.m */; };
		E617B4021D447A8100701817 /* FirstViewController.m in Sources */ = {isa = PBXBuildFile; fileRef = E617B4011D447A8100701817 /* FirstViewController.m */; };
		E617B4081D447A8100701817 /* Main.storyboard in Resources */ = {isa = PBXBuildFile; fileRef = E617B4061D447A8100701817 /* Main.storyboard */; };
		E617B40A1D447A8100701817 /* Assets.xcassets in Resources */ = {isa = PBXBuildFile; fileRef = E617B4091D447A8100701817 /* Assets.xcassets */; };
		E617B40D1D447A8100701817 /* LaunchScreen.storyboard in Resources */ = {isa = PBXBuildFile; fileRef = E617B40B1D447A8100701817 /* LaunchScreen.storyboard */; };
		E617B41A1D44973100701817 /* ExpressPhoneNumViewController.m in Sources */ = {isa = PBXBuildFile; fileRef = E617B4191D44973100701817 /* ExpressPhoneNumViewController.m */; };
		E617B41E1D44991900701817 /* ExpressPhoneNum.m in Sources */ = {isa = PBXBuildFile; fileRef = E617B41D1D44991900701817 /* ExpressPhoneNum.m */; };
		E639E67D1D49BD7D004C4D1A /* ChooseExpressViewController.m in Sources */ = {isa = PBXBuildFile; fileRef = E639E67C1D49BD7D004C4D1A /* ChooseExpressViewController.m */; };
		E655F63D1F078E30003E0B00 /* emoji_tongue.json in Resources */ = {isa = PBXBuildFile; fileRef = E655F63C1F078E30003E0B00 /* emoji_tongue.json */; };
		E655F6431F07912A003E0B00 /* EmojiViewController.m in Sources */ = {isa = PBXBuildFile; fileRef = E655F6421F07912A003E0B00 /* EmojiViewController.m */; };
		E655F6451F07D585003E0B00 /* fish.json in Resources */ = {isa = PBXBuildFile; fileRef = E655F6441F07D585003E0B00 /* fish.json */; };
		E655F6471F07D69C003E0B00 /* motorcycle.json in Resources */ = {isa = PBXBuildFile; fileRef = E655F6461F07D69C003E0B00 /* motorcycle.json */; };
		E655F6491F07D85C003E0B00 /* permission.json in Resources */ = {isa = PBXBuildFile; fileRef = E655F6481F07D85C003E0B00 /* permission.json */; };
		E6C8F9BD1D47321300E52D0E /* MD5.m in Sources */ = {isa = PBXBuildFile; fileRef = E6C8F9BC1D47321300E52D0E /* MD5.m */; };
		E6C8F9C31D473A3200E52D0E /* MF_Base64Additions.m in Sources */ = {isa = PBXBuildFile; fileRef = E6C8F9C21D473A3200E52D0E /* MF_Base64Additions.m */; };
		E6C8F9C61D4777BA00E52D0E /* ExpressInfo.m in Sources */ = {isa = PBXBuildFile; fileRef = E6C8F9C51D4777BA00E52D0E /* ExpressInfo.m */; };
		E6C8F9C91D47870200E52D0E /* ExpressTracesViewController.m in Sources */ = {isa = PBXBuildFile; fileRef = E6C8F9C81D47870200E52D0E /* ExpressTracesViewController.m */; };
		EF9103293FBF2E4562C5A318 /* libPods-Express.a in Frameworks */ = {isa = PBXBuildFile; fileRef = FFB5400280A41273EEBA680E /* libPods-Express.a */; };
/* End PBXBuildFile section */

/* Begin PBXFileReference section */
		464FD4CEBDA9691E91D6E093 /* Pods-Express.debug.xcconfig */ = {isa = PBXFileReference; includeInIndex = 1; lastKnownFileType = text.xcconfig; name = "Pods-Express.debug.xcconfig"; path = "Pods/Target Support Files/Pods-Express/Pods-Express.debug.xcconfig"; sourceTree = "<group>"; };
		DC513E8D08E15318F85726DD /* Pods-Express.release.xcconfig */ = {isa = PBXFileReference; includeInIndex = 1; lastKnownFileType = text.xcconfig; name = "Pods-Express.release.xcconfig"; path = "Pods/Target Support Files/Pods-Express/Pods-Express.release.xcconfig"; sourceTree = "<group>"; };
		E606C3701D4F03AA00BE4A07 /* ScanQRCodeViewController.h */ = {isa = PBXFileReference; fileEncoding = 4; lastKnownFileType = sourcecode.c.h; name = ScanQRCodeViewController.h; path = Controller/ScanQRCodeViewController.h; sourceTree = "<group>"; };
		E606C3711D4F03AA00BE4A07 /* ScanQRCodeViewController.m */ = {isa = PBXFileReference; fileEncoding = 4; lastKnownFileType = sourcecode.c.objc; name = ScanQRCodeViewController.m; path = Controller/ScanQRCodeViewController.m; sourceTree = "<group>"; };
		E60C1BFA1D50602C005A9A6E /* ExpressHistoryViewController.h */ = {isa = PBXFileReference; fileEncoding = 4; lastKnownFileType = sourcecode.c.h; name = ExpressHistoryViewController.h; path = Controller/ExpressHistoryViewController.h; sourceTree = "<group>"; };
		E60C1BFB1D50602C005A9A6E /* ExpressHistoryViewController.m */ = {isa = PBXFileReference; fileEncoding = 4; lastKnownFileType = sourcecode.c.objc; name = ExpressHistoryViewController.m; path = Controller/ExpressHistoryViewController.m; sourceTree = "<group>"; };
		E617B3F71D447A8100701817 /* 查快递.app */ = {isa = PBXFileReference; explicitFileType = wrapper.application; includeInIndex = 0; path = "查快递.app"; sourceTree = BUILT_PRODUCTS_DIR; };
		E617B3FB1D447A8100701817 /* main.m */ = {isa = PBXFileReference; lastKnownFileType = sourcecode.c.objc; path = main.m; sourceTree = "<group>"; };
		E617B3FD1D447A8100701817 /* AppDelegate.h */ = {isa = PBXFileReference; lastKnownFileType = sourcecode.c.h; path = AppDelegate.h; sourceTree = "<group>"; };
		E617B3FE1D447A8100701817 /* AppDelegate.m */ = {isa = PBXFileReference; lastKnownFileType = sourcecode.c.objc; path = AppDelegate.m; sourceTree = "<group>"; };
		E617B4001D447A8100701817 /* FirstViewController.h */ = {isa = PBXFileReference; lastKnownFileType = sourcecode.c.h; path = FirstViewController.h; sourceTree = "<group>"; };
		E617B4011D447A8100701817 /* FirstViewController.m */ = {isa = PBXFileReference; lastKnownFileType = sourcecode.c.objc; path = FirstViewController.m; sourceTree = "<group>"; };
		E617B4071D447A8100701817 /* Base */ = {isa = PBXFileReference; lastKnownFileType = file.storyboard; name = Base; path = Base.lproj/Main.storyboard; sourceTree = "<group>"; };
		E617B4091D447A8100701817 /* Assets.xcassets */ = {isa = PBXFileReference; lastKnownFileType = folder.assetcatalog; path = Assets.xcassets; sourceTree = "<group>"; };
		E617B40C1D447A8100701817 /* Base */ = {isa = PBXFileReference; lastKnownFileType = file.storyboard; name = Base; path = Base.lproj/LaunchScreen.storyboard; sourceTree = "<group>"; };
		E617B40E1D447A8100701817 /* Info.plist */ = {isa = PBXFileReference; lastKnownFileType = text.plist.xml; path = Info.plist; sourceTree = "<group>"; };
		E617B4181D44973100701817 /* ExpressPhoneNumViewController.h */ = {isa = PBXFileReference; fileEncoding = 4; lastKnownFileType = sourcecode.c.h; name = ExpressPhoneNumViewController.h; path = Controller/ExpressPhoneNumViewController.h; sourceTree = "<group>"; };
		E617B4191D44973100701817 /* ExpressPhoneNumViewController.m */ = {isa = PBXFileReference; fileEncoding = 4; lastKnownFileType = sourcecode.c.objc; name = ExpressPhoneNumViewController.m; path = Controller/ExpressPhoneNumViewController.m; sourceTree = "<group>"; };
		E617B41C1D44991900701817 /* ExpressPhoneNum.h */ = {isa = PBXFileReference; fileEncoding = 4; lastKnownFileType = sourcecode.c.h; name = ExpressPhoneNum.h; path = Model/ExpressPhoneNum.h; sourceTree = "<group>"; };
		E617B41D1D44991900701817 /* ExpressPhoneNum.m */ = {isa = PBXFileReference; fileEncoding = 4; lastKnownFileType = sourcecode.c.objc; name = ExpressPhoneNum.m; path = Model/ExpressPhoneNum.m; sourceTree = "<group>"; };
		E639E67B1D49BD7D004C4D1A /* ChooseExpressViewController.h */ = {isa = PBXFileReference; fileEncoding = 4; lastKnownFileType = sourcecode.c.h; name = ChooseExpressViewController.h; path = Controller/ChooseExpressViewController.h; sourceTree = "<group>"; };
		E639E67C1D49BD7D004C4D1A /* ChooseExpressViewController.m */ = {isa = PBXFileReference; fileEncoding = 4; lastKnownFileType = sourcecode.c.objc; name = ChooseExpressViewController.m; path = Controller/ChooseExpressViewController.m; sourceTree = "<group>"; };
		E655F63C1F078E30003E0B00 /* emoji_tongue.json */ = {isa = PBXFileReference; fileEncoding = 4; lastKnownFileType = text.json; path = emoji_tongue.json; sourceTree = "<group>"; };
		E655F6411F07912A003E0B00 /* EmojiViewController.h */ = {isa = PBXFileReference; fileEncoding = 4; lastKnownFileType = sourcecode.c.h; path = EmojiViewController.h; sourceTree = "<group>"; };
		E655F6421F07912A003E0B00 /* EmojiViewController.m */ = {isa = PBXFileReference; fileEncoding = 4; lastKnownFileType = sourcecode.c.objc; path = EmojiViewController.m; sourceTree = "<group>"; };
		E655F6441F07D585003E0B00 /* fish.json */ = {isa = PBXFileReference; fileEncoding = 4; lastKnownFileType = text.json; path = fish.json; sourceTree = "<group>"; };
		E655F6461F07D69C003E0B00 /* motorcycle.json */ = {isa = PBXFileReference; fileEncoding = 4; lastKnownFileType = text.json; path = motorcycle.json; sourceTree = "<group>"; };
		E655F6481F07D85C003E0B00 /* permission.json */ = {isa = PBXFileReference; fileEncoding = 4; lastKnownFileType = text.json; path = permission.json; sourceTree = "<group>"; };
		E6C8F9BB1D47321300E52D0E /* MD5.h */ = {isa = PBXFileReference; fileEncoding = 4; lastKnownFileType = sourcecode.c.h; name = MD5.h; path = Model/MD5.h; sourceTree = "<group>"; };
		E6C8F9BC1D47321300E52D0E /* MD5.m */ = {isa = PBXFileReference; fileEncoding = 4; lastKnownFileType = sourcecode.c.objc; name = MD5.m; path = Model/MD5.m; sourceTree = "<group>"; };
		E6C8F9C11D473A3200E52D0E /* MF_Base64Additions.h */ = {isa = PBXFileReference; fileEncoding = 4; lastKnownFileType = sourcecode.c.h; name = MF_Base64Additions.h; path = Model/MF_Base64Additions.h; sourceTree = "<group>"; };
		E6C8F9C21D473A3200E52D0E /* MF_Base64Additions.m */ = {isa = PBXFileReference; fileEncoding = 4; lastKnownFileType = sourcecode.c.objc; name = MF_Base64Additions.m; path = Model/MF_Base64Additions.m; sourceTree = "<group>"; };
		E6C8F9C41D4777BA00E52D0E /* ExpressInfo.h */ = {isa = PBXFileReference; fileEncoding = 4; lastKnownFileType = sourcecode.c.h; name = ExpressInfo.h; path = Model/ExpressInfo.h; sourceTree = "<group>"; };
		E6C8F9C51D4777BA00E52D0E /* ExpressInfo.m */ = {isa = PBXFileReference; fileEncoding = 4; lastKnownFileType = sourcecode.c.objc; name = ExpressInfo.m; path = Model/ExpressInfo.m; sourceTree = "<group>"; };
		E6C8F9C71D47870200E52D0E /* ExpressTracesViewController.h */ = {isa = PBXFileReference; fileEncoding = 4; lastKnownFileType = sourcecode.c.h; name = ExpressTracesViewController.h; path = Controller/ExpressTracesViewController.h; sourceTree = "<group>"; };
		E6C8F9C81D47870200E52D0E /* ExpressTracesViewController.m */ = {isa = PBXFileReference; fileEncoding = 4; lastKnownFileType = sourcecode.c.objc; name = ExpressTracesViewController.m; path = Controller/ExpressTracesViewController.m; sourceTree = "<group>"; };
		FFB5400280A41273EEBA680E /* libPods-Express.a */ = {isa = PBXFileReference; explicitFileType = archive.ar; includeInIndex = 0; path = "libPods-Express.a"; sourceTree = BUILT_PRODUCTS_DIR; };
/* End PBXFileReference section */

/* Begin PBXFrameworksBuildPhase section */
		E617B3F41D447A8100701817 /* Frameworks */ = {
			isa = PBXFrameworksBuildPhase;
			buildActionMask = 2147483647;
			files = (
				EF9103293FBF2E4562C5A318 /* libPods-Express.a in Frameworks */,
			);
			runOnlyForDeploymentPostprocessing = 0;
		};
/* End PBXFrameworksBuildPhase section */

/* Begin PBXGroup section */
		1E4CE724ED67FEA0E4876A33 /* Pods */ = {
			isa = PBXGroup;
			children = (
				464FD4CEBDA9691E91D6E093 /* Pods-Express.debug.xcconfig */,
				DC513E8D08E15318F85726DD /* Pods-Express.release.xcconfig */,
			);
			name = Pods;
			sourceTree = "<group>";
		};
		444B2B50199D7EC34A0273D0 /* Frameworks */ = {
			isa = PBXGroup;
			children = (
				FFB5400280A41273EEBA680E /* libPods-Express.a */,
			);
			name = Frameworks;
			sourceTree = "<group>";
		};
		E617B3EE1D447A8100701817 = {
			isa = PBXGroup;
			children = (
				E617B3F91D447A8100701817 /* Express */,
				E617B3F81D447A8100701817 /* Products */,
				1E4CE724ED67FEA0E4876A33 /* Pods */,
				444B2B50199D7EC34A0273D0 /* Frameworks */,
			);
			sourceTree = "<group>";
		};
		E617B3F81D447A8100701817 /* Products */ = {
			isa = PBXGroup;
			children = (
				E617B3F71D447A8100701817 /* 查快递.app */,
			);
			name = Products;
			sourceTree = "<group>";
		};
		E617B3F91D447A8100701817 /* Express */ = {
			isa = PBXGroup;
			children = (
				E617B41B1D4498E500701817 /* Model */,
				E617B4171D44913600701817 /* Controller */,
				E617B3FD1D447A8100701817 /* AppDelegate.h */,
				E617B3FE1D447A8100701817 /* AppDelegate.m */,
				E617B4091D447A8100701817 /* Assets.xcassets */,
				E617B3FA1D447A8100701817 /* Supporting Files */,
			);
			path = Express;
			sourceTree = "<group>";
		};
		E617B3FA1D447A8100701817 /* Supporting Files */ = {
			isa = PBXGroup;
			children = (
				E655F6461F07D69C003E0B00 /* motorcycle.json */,
				E655F6481F07D85C003E0B00 /* permission.json */,
				E655F6441F07D585003E0B00 /* fish.json */,
				E655F63C1F078E30003E0B00 /* emoji_tongue.json */,
				E617B4061D447A8100701817 /* Main.storyboard */,
				E617B40B1D447A8100701817 /* LaunchScreen.storyboard */,
				E617B40E1D447A8100701817 /* Info.plist */,
				E617B3FB1D447A8100701817 /* main.m */,
			);
			name = "Supporting Files";
			sourceTree = "<group>";
		};
		E617B4171D44913600701817 /* Controller */ = {
			isa = PBXGroup;
			children = (
				E617B4001D447A8100701817 /* FirstViewController.h */,
				E617B4011D447A8100701817 /* FirstViewController.m */,
				E617B4181D44973100701817 /* ExpressPhoneNumViewController.h */,
				E617B4191D44973100701817 /* ExpressPhoneNumViewController.m */,
				E6C8F9C71D47870200E52D0E /* ExpressTracesViewController.h */,
				E6C8F9C81D47870200E52D0E /* ExpressTracesViewController.m */,
				E639E67B1D49BD7D004C4D1A /* ChooseExpressViewController.h */,
				E639E67C1D49BD7D004C4D1A /* ChooseExpressViewController.m */,
				E606C3701D4F03AA00BE4A07 /* ScanQRCodeViewController.h */,
				E606C3711D4F03AA00BE4A07 /* ScanQRCodeViewController.m */,
				E60C1BFA1D50602C005A9A6E /* ExpressHistoryViewController.h */,
				E60C1BFB1D50602C005A9A6E /* ExpressHistoryViewController.m */,
				E655F6411F07912A003E0B00 /* EmojiViewController.h */,
				E655F6421F07912A003E0B00 /* EmojiViewController.m */,
			);
			name = Controller;
			sourceTree = "<group>";
		};
		E617B41B1D4498E500701817 /* Model */ = {
			isa = PBXGroup;
			children = (
				E6C8F9C11D473A3200E52D0E /* MF_Base64Additions.h */,
				E6C8F9C21D473A3200E52D0E /* MF_Base64Additions.m */,
				E6C8F9BB1D47321300E52D0E /* MD5.h */,
				E6C8F9BC1D47321300E52D0E /* MD5.m */,
				E617B41C1D44991900701817 /* ExpressPhoneNum.h */,
				E617B41D1D44991900701817 /* ExpressPhoneNum.m */,
				E6C8F9C41D4777BA00E52D0E /* ExpressInfo.h */,
				E6C8F9C51D4777BA00E52D0E /* ExpressInfo.m */,
			);
			name = Model;
			sourceTree = "<group>";
		};
/* End PBXGroup section */

/* Begin PBXNativeTarget section */
		E617B3F61D447A8100701817 /* Express */ = {
			isa = PBXNativeTarget;
			buildConfigurationList = E617B4111D447A8100701817 /* Build configuration list for PBXNativeTarget "Express" */;
			buildPhases = (
				B3043D1D9610A02C7A3AE1D5 /* [CP] Check Pods Manifest.lock */,
				E617B3F31D447A8100701817 /* Sources */,
				E617B3F41D447A8100701817 /* Frameworks */,
				E617B3F51D447A8100701817 /* Resources */,
				153268D86B90EAE92130DF80 /* [CP] Embed Pods Frameworks */,
				6E668059F34F1FAC01F0EBC1 /* [CP] Copy Pods Resources */,
			);
			buildRules = (
			);
			dependencies = (
			);
			name = Express;
			productName = Express;
			productReference = E617B3F71D447A8100701817 /* 查快递.app */;
			productType = "com.apple.product-type.application";
		};
/* End PBXNativeTarget section */

/* Begin PBXProject section */
		E617B3EF1D447A8100701817 /* Project object */ = {
			isa = PBXProject;
			attributes = {
				LastUpgradeCheck = 0720;
				ORGANIZATIONNAME = LeeLom;
				TargetAttributes = {
					E617B3F61D447A8100701817 = {
						CreatedOnToolsVersion = 7.2;
						DevelopmentTeam = 3T4FHPLTNF;
					};
				};
			};
			buildConfigurationList = E617B3F21D447A8100701817 /* Build configuration list for PBXProject "Express" */;
			compatibilityVersion = "Xcode 3.2";
			developmentRegion = English;
			hasScannedForEncodings = 0;
			knownRegions = (
				en,
				Base,
			);
			mainGroup = E617B3EE1D447A8100701817;
			productRefGroup = E617B3F81D447A8100701817 /* Products */;
			projectDirPath = "";
			projectRoot = "";
			targets = (
				E617B3F61D447A8100701817 /* Express */,
			);
		};
/* End PBXProject section */

/* Begin PBXResourcesBuildPhase section */
		E617B3F51D447A8100701817 /* Resources */ = {
			isa = PBXResourcesBuildPhase;
			buildActionMask = 2147483647;
			files = (
				E617B40D1D447A8100701817 /* LaunchScreen.storyboard in Resources */,
				E655F6491F07D85C003E0B00 /* permission.json in Resources */,
				E617B40A1D447A8100701817 /* Assets.xcassets in Resources */,
				E655F6471F07D69C003E0B00 /* motorcycle.json in Resources */,
				E655F6451F07D585003E0B00 /* fish.json in Resources */,
				E655F63D1F078E30003E0B00 /* emoji_tongue.json in Resources */,
				E617B4081D447A8100701817 /* Main.storyboard in Resources */,
			);
			runOnlyForDeploymentPostprocessing = 0;
		};
/* End PBXResourcesBuildPhase section */

/* Begin PBXShellScriptBuildPhase section */
		153268D86B90EAE92130DF80 /* [CP] Embed Pods Frameworks */ = {
			isa = PBXShellScriptBuildPhase;
			buildActionMask = 2147483647;
			files = (
			);
			inputPaths = (
			);
			name = "[CP] Embed Pods Frameworks";
			outputPaths = (
			);
			runOnlyForDeploymentPostprocessing = 0;
			shellPath = /bin/sh;
			shellScript = "\"${SRCROOT}/Pods/Target Support Files/Pods-Express/Pods-Express-frameworks.sh\"\n";
			showEnvVarsInLog = 0;
		};
		6E668059F34F1FAC01F0EBC1 /* [CP] Copy Pods Resources */ = {
			isa = PBXShellScriptBuildPhase;
			buildActionMask = 2147483647;
			files = (
			);
			inputPaths = (
			);
			name = "[CP] Copy Pods Resources";
			outputPaths = (
			);
			runOnlyForDeploymentPostprocessing = 0;
			shellPath = /bin/sh;
			shellScript = "\"${SRCROOT}/Pods/Target Support Files/Pods-Express/Pods-Express-resources.sh\"\n";
			showEnvVarsInLog = 0;
		};
		B3043D1D9610A02C7A3AE1D5 /* [CP] Check Pods Manifest.lock */ = {
			isa = PBXShellScriptBuildPhase;
			buildActionMask = 2147483647;
			files = (
			);
			inputPaths = (
			);
			name = "[CP] Check Pods Manifest.lock";
			outputPaths = (
			);
			runOnlyForDeploymentPostprocessing = 0;
			shellPath = /bin/sh;
			shellScript = "diff \"${PODS_ROOT}/../Podfile.lock\" \"${PODS_ROOT}/Manifest.lock\" > /dev/null\nif [ $? != 0 ] ; then\n    # print error to STDERR\n    echo \"error: The sandbox is not in sync with the Podfile.lock. Run 'pod install' or update your CocoaPods installation.\" >&2\n    exit 1\nfi\n";
			showEnvVarsInLog = 0;
		};
/* End PBXShellScriptBuildPhase section */

/* Begin PBXSourcesBuildPhase section */
		E617B3F31D447A8100701817 /* Sources */ = {
			isa = PBXSourcesBuildPhase;
			buildActionMask = 2147483647;
			files = (
				E6C8F9C61D4777BA00E52D0E /* ExpressInfo.m in Sources */,
				E617B3FF1D447A8100701817 /* AppDelegate.m in Sources */,
				E60C1BFC1D50602C005A9A6E /* ExpressHistoryViewController.m in Sources */,
				E6C8F9BD1D47321300E52D0E /* MD5.m in Sources */,
				E617B41E1D44991900701817 /* ExpressPhoneNum.m in Sources */,
				E6C8F9C91D47870200E52D0E /* ExpressTracesViewController.m in Sources */,
				E617B4021D447A8100701817 /* FirstViewController.m in Sources */,
				E6C8F9C31D473A3200E52D0E /* MF_Base64Additions.m in Sources */,
				E617B3FC1D447A8100701817 /* main.m in Sources */,
				E639E67D1D49BD7D004C4D1A /* ChooseExpressViewController.m in Sources */,
				E655F6431F07912A003E0B00 /* EmojiViewController.m in Sources */,
				E617B41A1D44973100701817 /* ExpressPhoneNumViewController.m in Sources */,
				E606C3721D4F03AA00BE4A07 /* ScanQRCodeViewController.m in Sources */,
			);
			runOnlyForDeploymentPostprocessing = 0;
		};
/* End PBXSourcesBuildPhase section */

/* Begin PBXVariantGroup section */
		E617B4061D447A8100701817 /* Main.storyboard */ = {
			isa = PBXVariantGroup;
			children = (
				E617B4071D447A8100701817 /* Base */,
			);
			name = Main.storyboard;
			sourceTree = "<group>";
		};
		E617B40B1D447A8100701817 /* LaunchScreen.storyboard */ = {
			isa = PBXVariantGroup;
			children = (
				E617B40C1D447A8100701817 /* Base */,
			);
			name = LaunchScreen.storyboard;
			sourceTree = "<group>";
		};
/* End PBXVariantGroup section */

/* Begin XCBuildConfiguration section */
		E617B40F1D447A8100701817 /* Debug */ = {
			isa = XCBuildConfiguration;
			buildSettings = {
				ALWAYS_SEARCH_USER_PATHS = NO;
				CLANG_CXX_LANGUAGE_STANDARD = "gnu++0x";
				CLANG_CXX_LIBRARY = "libc++";
				CLANG_ENABLE_MODULES = YES;
				CLANG_ENABLE_OBJC_ARC = YES;
				CLANG_WARN_BOOL_CONVERSION = YES;
				CLANG_WARN_CONSTANT_CONVERSION = YES;
				CLANG_WARN_DIRECT_OBJC_ISA_USAGE = YES_ERROR;
				CLANG_WARN_EMPTY_BODY = YES;
				CLANG_WARN_ENUM_CONVERSION = YES;
				CLANG_WARN_INT_CONVERSION = YES;
				CLANG_WARN_OBJC_ROOT_CLASS = YES_ERROR;
				CLANG_WARN_UNREACHABLE_CODE = YES;
				CLANG_WARN__DUPLICATE_METHOD_MATCH = YES;
				"CODE_SIGN_IDENTITY[sdk=iphoneos*]" = "iPhone Developer";
				COPY_PHASE_STRIP = NO;
				DEBUG_INFORMATION_FORMAT = dwarf;
				ENABLE_STRICT_OBJC_MSGSEND = YES;
				ENABLE_TESTABILITY = YES;
				GCC_C_LANGUAGE_STANDARD = gnu99;
				GCC_DYNAMIC_NO_PIC = NO;
				GCC_NO_COMMON_BLOCKS = YES;
				GCC_OPTIMIZATION_LEVEL = 0;
				GCC_PREPROCESSOR_DEFINITIONS = (
					"DEBUG=1",
					"$(inherited)",
				);
				GCC_WARN_64_TO_32_BIT_CONVERSION = YES;
				GCC_WARN_ABOUT_RETURN_TYPE = YES_ERROR;
				GCC_WARN_UNDECLARED_SELECTOR = YES;
				GCC_WARN_UNINITIALIZED_AUTOS = YES_AGGRESSIVE;
				GCC_WARN_UNUSED_FUNCTION = YES;
				GCC_WARN_UNUSED_VARIABLE = YES;
				IPHONEOS_DEPLOYMENT_TARGET = 9.2;
				MTL_ENABLE_DEBUG_INFO = YES;
				ONLY_ACTIVE_ARCH = YES;
				SDKROOT = iphoneos;
			};
			name = Debug;
		};
		E617B4101D447A8100701817 /* Release */ = {
			isa = XCBuildConfiguration;
			buildSettings = {
				ALWAYS_SEARCH_USER_PATHS = NO;
				CLANG_CXX_LANGUAGE_STANDARD = "gnu++0x";
				CLANG_CXX_LIBRARY = "libc++";
				CLANG_ENABLE_MODULES = YES;
				CLANG_ENABLE_OBJC_ARC = YES;
				CLANG_WARN_BOOL_CONVERSION = YES;
				CLANG_WARN_CONSTANT_CONVERSION = YES;
				CLANG_WARN_DIRECT_OBJC_ISA_USAGE = YES_ERROR;
				CLANG_WARN_EMPTY_BODY = YES;
				CLANG_WARN_ENUM_CONVERSION = YES;
				CLANG_WARN_INT_CONVERSION = YES;
				CLANG_WARN_OBJC_ROOT_CLASS = YES_ERROR;
				CLANG_WARN_UNREACHABLE_CODE = YES;
				CLANG_WARN__DUPLICATE_METHOD_MATCH = YES;
				"CODE_SIGN_IDENTITY[sdk=iphoneos*]" = "iPhone Developer";
				COPY_PHASE_STRIP = NO;
				DEBUG_INFORMATION_FORMAT = "dwarf-with-dsym";
				ENABLE_NS_ASSERTIONS = NO;
				ENABLE_STRICT_OBJC_MSGSEND = YES;
				GCC_C_LANGUAGE_STANDARD = gnu99;
				GCC_NO_COMMON_BLOCKS = YES;
				GCC_WARN_64_TO_32_BIT_CONVERSION = YES;
				GCC_WARN_ABOUT_RETURN_TYPE = YES_ERROR;
				GCC_WARN_UNDECLARED_SELECTOR = YES;
				GCC_WARN_UNINITIALIZED_AUTOS = YES_AGGRESSIVE;
				GCC_WARN_UNUSED_FUNCTION = YES;
				GCC_WARN_UNUSED_VARIABLE = YES;
				IPHONEOS_DEPLOYMENT_TARGET = 9.2;
				MTL_ENABLE_DEBUG_INFO = NO;
				SDKROOT = iphoneos;
				VALIDATE_PRODUCT = YES;
			};
			name = Release;
		};
		E617B4121D447A8100701817 /* Debug */ = {
			isa = XCBuildConfiguration;
			baseConfigurationReference = 464FD4CEBDA9691E91D6E093 /* Pods-Express.debug.xcconfig */;
			buildSettings = {
				ASSETCATALOG_COMPILER_APPICON_NAME = AppIcon;
				INFOPLIST_FILE = Express/Info.plist;
				LD_RUNPATH_SEARCH_PATHS = "$(inherited) @executable_path/Frameworks";
				PRODUCT_BUNDLE_IDENTIFIER = bupt.leelom.Express;
				PRODUCT_NAME = "查快递";
			};
			name = Debug;
		};
		E617B4131D447A8100701817 /* Release */ = {
			isa = XCBuildConfiguration;
			baseConfigurationReference = DC513E8D08E15318F85726DD /* Pods-Express.release.xcconfig */;
			buildSettings = {
				ASSETCATALOG_COMPILER_APPICON_NAME = AppIcon;
				INFOPLIST_FILE = Express/Info.plist;
				LD_RUNPATH_SEARCH_PATHS = "$(inherited) @executable_path/Frameworks";
				PRODUCT_BUNDLE_IDENTIFIER = bupt.leelom.Express;
				PRODUCT_NAME = "查快递";
			};
			name = Release;
		};
/* End XCBuildConfiguration section */

/* Begin XCConfigurationList section */
		E617B3F21D447A8100701817 /* Build configuration list for PBXProject "Express" */ = {
			isa = XCConfigurationList;
			buildConfigurations = (
				E617B40F1D447A8100701817 /* Debug */,
				E617B4101D447A8100701817 /* Release */,
			);
			defaultConfigurationIsVisible = 0;
			defaultConfigurationName = Release;
		};
		E617B4111D447A8100701817 /* Build configuration list for PBXNativeTarget "Express" */ = {
			isa = XCConfigurationList;
			buildConfigurations = (
				E617B4121D447A8100701817 /* Debug */,
				E617B4131D447A8100701817 /* Release */,
			);
			defaultConfigurationIsVisible = 0;
			defaultConfigurationName = Release;
		};
/* End XCConfigurationList section */
	};
	rootObject = E617B3EF1D447A8100701817 /* Project object */;
}
