// !$*UTF8*$!
{
	archiveVersion = 1;
	classes = {
	};
	objectVersion = 46;
	objects = {

/* Begin PBXBuildFile section */
		51B0258E56F3499313BE2447 /* libPods.a in Frameworks */ = {isa = PBXBuildFile; fileRef = 2DF153DAAB3C3802B8FE512E /* libPods.a */; };
		E606C3721D4F03AA00BE4A07 /* ScanQRCodeViewController.m in Sources */ = {isa = PBXBuildFile; fileRef = E606C3711D4F03AA00BE4A07 /* ScanQRCodeViewController.m */; };
		E617B3FC1D447A8100701817 /* main.m in Sources */ = {isa = PBXBuildFile; fileRef = E617B3FB1D447A8100701817 /* main.m */; };
		E617B3FF1D447A8100701817 /* AppDelegate.m in Sources */ = {isa = PBXBuildFile; fileRef = E617B3FE1D447A8100701817 /* AppDelegate.m */; };
		E617B4021D447A8100701817 /* FirstViewController.m in Sources */ = {isa = PBXBuildFile; fileRef = E617B4011D447A8100701817 /* FirstViewController.m */; };
		E617B4051D447A8100701817 /* SecondViewController.m in Sources */ = {isa = PBXBuildFile; fileRef = E617B4041D447A8100701817 /* SecondViewController.m */; };
		E617B4081D447A8100701817 /* Main.storyboard in Resources */ = {isa = PBXBuildFile; fileRef = E617B4061D447A8100701817 /* Main.storyboard */; };
		E617B40A1D447A8100701817 /* Assets.xcassets in Resources */ = {isa = PBXBuildFile; fileRef = E617B4091D447A8100701817 /* Assets.xcassets */; };
		E617B40D1D447A8100701817 /* LaunchScreen.storyboard in Resources */ = {isa = PBXBuildFile; fileRef = E617B40B1D447A8100701817 /* LaunchScreen.storyboard */; };
		E617B41A1D44973100701817 /* ExpressPhoneNumViewController.m in Sources */ = {isa = PBXBuildFile; fileRef = E617B4191D44973100701817 /* ExpressPhoneNumViewController.m */; };
		E617B41E1D44991900701817 /* ExpressPhoneNum.m in Sources */ = {isa = PBXBuildFile; fileRef = E617B41D1D44991900701817 /* ExpressPhoneNum.m */; };
		E639E67D1D49BD7D004C4D1A /* ChooseExpressViewController.m in Sources */ = {isa = PBXBuildFile; fileRef = E639E67C1D49BD7D004C4D1A /* ChooseExpressViewController.m */; };
		E6C8F9BD1D47321300E52D0E /* MD5.m in Sources */ = {isa = PBXBuildFile; fileRef = E6C8F9BC1D47321300E52D0E /* MD5.m */; };
		E6C8F9C31D473A3200E52D0E /* MF_Base64Additions.m in Sources */ = {isa = PBXBuildFile; fileRef = E6C8F9C21D473A3200E52D0E /* MF_Base64Additions.m */; };
		E6C8F9C61D4777BA00E52D0E /* ExpressInfo.m in Sources */ = {isa = PBXBuildFile; fileRef = E6C8F9C51D4777BA00E52D0E /* ExpressInfo.m */; };
		E6C8F9C91D47870200E52D0E /* ExpressTracesViewController.m in Sources */ = {isa = PBXBuildFile; fileRef = E6C8F9C81D47870200E52D0E /* ExpressTracesViewController.m */; };
/* End PBXBuildFile section */

/* Begin PBXFileReference section */
		2DF153DAAB3C3802B8FE512E /* libPods.a */ = {isa = PBXFileReference; explicitFileType = archive.ar; includeInIndex = 0; path = libPods.a; sourceTree = BUILT_PRODUCTS_DIR; };
		2F083285BD1B91DA42DEE32C /* Pods.release.xcconfig */ = {isa = PBXFileReference; includeInIndex = 1; lastKnownFileType = text.xcconfig; name = Pods.release.xcconfig; path = "Pods/Target Support Files/Pods/Pods.release.xcconfig"; sourceTree = "<group>"; };
		E606C3701D4F03AA00BE4A07 /* ScanQRCodeViewController.h */ = {isa = PBXFileReference; fileEncoding = 4; lastKnownFileType = sourcecode.c.h; name = ScanQRCodeViewController.h; path = Controller/ScanQRCodeViewController.h; sourceTree = "<group>"; };
		E606C3711D4F03AA00BE4A07 /* ScanQRCodeViewController.m */ = {isa = PBXFileReference; fileEncoding = 4; lastKnownFileType = sourcecode.c.objc; name = ScanQRCodeViewController.m; path = Controller/ScanQRCodeViewController.m; sourceTree = "<group>"; };
		E617B3F71D447A8100701817 /* Express.app */ = {isa = PBXFileReference; explicitFileType = wrapper.application; includeInIndex = 0; path = Express.app; sourceTree = BUILT_PRODUCTS_DIR; };
		E617B3FB1D447A8100701817 /* main.m */ = {isa = PBXFileReference; lastKnownFileType = sourcecode.c.objc; path = main.m; sourceTree = "<group>"; };
		E617B3FD1D447A8100701817 /* AppDelegate.h */ = {isa = PBXFileReference; lastKnownFileType = sourcecode.c.h; path = AppDelegate.h; sourceTree = "<group>"; };
		E617B3FE1D447A8100701817 /* AppDelegate.m */ = {isa = PBXFileReference; lastKnownFileType = sourcecode.c.objc; path = AppDelegate.m; sourceTree = "<group>"; };
		E617B4001D447A8100701817 /* FirstViewController.h */ = {isa = PBXFileReference; lastKnownFileType = sourcecode.c.h; path = FirstViewController.h; sourceTree = "<group>"; };
		E617B4011D447A8100701817 /* FirstViewController.m */ = {isa = PBXFileReference; lastKnownFileType = sourcecode.c.objc; path = FirstViewController.m; sourceTree = "<group>"; };
		E617B4031D447A8100701817 /* SecondViewController.h */ = {isa = PBXFileReference; lastKnownFileType = sourcecode.c.h; path = SecondViewController.h; sourceTree = "<group>"; };
		E617B4041D447A8100701817 /* SecondViewController.m */ = {isa = PBXFileReference; lastKnownFileType = sourcecode.c.objc; path = SecondViewController.m; sourceTree = "<group>"; };
		E617B4071D447A8100701817 /* Base */ = {isa = PBXFileReference; lastKnownFileType = file.storyboard; name = Base; path = Base.lproj/Main.storyboard; sourceTree = "<group>"; };
		E617B4091D447A8100701817 /* Assets.xcassets */ = {isa = PBXFileReference; lastKnownFileType = folder.assetcatalog; path = Assets.xcassets; sourceTree = "<group>"; };
		E617B40C1D447A8100701817 /* Base */ = {isa = PBXFileReference; lastKnownFileType = file.storyboard; name = Base; path = Base.lproj/LaunchScreen.storyboard; sourceTree = "<group>"; };
		E617B40E1D447A8100701817 /* Info.plist */ = {isa = PBXFileReference; lastKnownFileType = text.plist.xml; path = Info.plist; sourceTree = "<group>"; };
		E617B4181D44973100701817 /* ExpressPhoneNumViewController.h */ = {isa = PBXFileReference; fileEncoding = 4; lastKnownFileType = sourcecode.c.h; name = ExpressPhoneNumViewController.h; path = Controller/ExpressPhoneNumViewController.h; sourceTree = "<group>"; };
		E617B4191D44973100701817 /* ExpressPhoneNumViewController.m */ = {isa = PBXFileReference; fileEncoding = 4; lastKnownFileType = sourcecode.c.objc; name = ExpressPhoneNumViewController.m; path = Controller/ExpressPhoneNumViewController.m; sourceTree = "<group>"; };
		E617B41C1D44991900701817 /* ExpressPhoneNum.h */ = {isa = PBXFileReference; fileEncoding = 4; lastKnownFileType = sourcecode.c.h; name = ExpressPhoneNum.h; path = Model/ExpressPhoneNum.h; sourceTree = "<group>"; };
		E617B41D1D44991900701817 /* ExpressPhoneNum.m */ = {isa = PBXFileReference; fileEncoding = 4; lastKnownFileType = sourcecode.c.objc; name = ExpressPhoneNum.m; path = Model/ExpressPhoneNum.m; sourceTree = "<group>"; };
		E639E67B1D49BD7D004C4D1A /* ChooseExpressViewController.h */ = {isa = PBXFileReference; fileEncoding = 4; lastKnownFileType = sourcecode.c.h; name = ChooseExpressViewController.h; path = Controller/ChooseExpressViewController.h; sourceTree = "<group>"; };
		E639E67C1D49BD7D004C4D1A /* ChooseExpressViewController.m */ = {isa = PBXFileReference; fileEncoding = 4; lastKnownFileType = sourcecode.c.objc; name = ChooseExpressViewController.m; path = Controller/ChooseExpressViewController.m; sourceTree = "<group>"; };
		E6C8F9BB1D47321300E52D0E /* MD5.h */ = {isa = PBXFileReference; fileEncoding = 4; lastKnownFileType = sourcecode.c.h; name = MD5.h; path = Model/MD5.h; sourceTree = "<group>"; };
		E6C8F9BC1D47321300E52D0E /* MD5.m */ = {isa = PBXFileReference; fileEncoding = 4; lastKnownFileType = sourcecode.c.objc; name = MD5.m; path = Model/MD5.m; sourceTree = "<group>"; };
		E6C8F9C11D473A3200E52D0E /* MF_Base64Additions.h */ = {isa = PBXFileReference; fileEncoding = 4; lastKnownFileType = sourcecode.c.h; name = MF_Base64Additions.h; path = Model/MF_Base64Additions.h; sourceTree = "<group>"; };
		E6C8F9C21D473A3200E52D0E /* MF_Base64Additions.m */ = {isa = PBXFileReference; fileEncoding = 4; lastKnownFileType = sourcecode.c.objc; name = MF_Base64Additions.m; path = Model/MF_Base64Additions.m; sourceTree = "<group>"; };
		E6C8F9C41D4777BA00E52D0E /* ExpressInfo.h */ = {isa = PBXFileReference; fileEncoding = 4; lastKnownFileType = sourcecode.c.h; name = ExpressInfo.h; path = Model/ExpressInfo.h; sourceTree = "<group>"; };
		E6C8F9C51D4777BA00E52D0E /* ExpressInfo.m */ = {isa = PBXFileReference; fileEncoding = 4; lastKnownFileType = sourcecode.c.objc; name = ExpressInfo.m; path = Model/ExpressInfo.m; sourceTree = "<group>"; };
		E6C8F9C71D47870200E52D0E /* ExpressTracesViewController.h */ = {isa = PBXFileReference; fileEncoding = 4; lastKnownFileType = sourcecode.c.h; name = ExpressTracesViewController.h; path = Controller/ExpressTracesViewController.h; sourceTree = "<group>"; };
		E6C8F9C81D47870200E52D0E /* ExpressTracesViewController.m */ = {isa = PBXFileReference; fileEncoding = 4; lastKnownFileType = sourcecode.c.objc; name = ExpressTracesViewController.m; path = Controller/ExpressTracesViewController.m; sourceTree = "<group>"; };
		FFDF3D313DDDC8BF5A6C090E /* Pods.debug.xcconfig */ = {isa = PBXFileReference; includeInIndex = 1; lastKnownFileType = text.xcconfig; name = Pods.debug.xcconfig; path = "Pods/Target Support Files/Pods/Pods.debug.xcconfig"; sourceTree = "<group>"; };
/* End PBXFileReference section */

/* Begin PBXFrameworksBuildPhase section */
		E617B3F41D447A8100701817 /* Frameworks */ = {
			isa = PBXFrameworksBuildPhase;
			buildActionMask = 2147483647;
			files = (
				51B0258E56F3499313BE2447 /* libPods.a in Frameworks */,
			);
			runOnlyForDeploymentPostprocessing = 0;
		};
/* End PBXFrameworksBuildPhase section */

/* Begin PBXGroup section */
		0D9E094416936F0F6FFC8A6A /* Pods */ = {
			isa = PBXGroup;
			children = (
				FFDF3D313DDDC8BF5A6C090E /* Pods.debug.xcconfig */,
				2F083285BD1B91DA42DEE32C /* Pods.release.xcconfig */,
			);
			name = Pods;
			sourceTree = "<group>";
		};
		49385A3AF17BC9C81F15CDD2 /* Frameworks */ = {
			isa = PBXGroup;
			children = (
				2DF153DAAB3C3802B8FE512E /* libPods.a */,
			);
			name = Frameworks;
			sourceTree = "<group>";
		};
		E617B3EE1D447A8100701817 = {
			isa = PBXGroup;
			children = (
				E617B3F91D447A8100701817 /* Express */,
				E617B3F81D447A8100701817 /* Products */,
				0D9E094416936F0F6FFC8A6A /* Pods */,
				49385A3AF17BC9C81F15CDD2 /* Frameworks */,
			);
			sourceTree = "<group>";
		};
		E617B3F81D447A8100701817 /* Products */ = {
			isa = PBXGroup;
			children = (
				E617B3F71D447A8100701817 /* Express.app */,
			);
			name = Products;
			sourceTree = "<group>";
		};
		E617B3F91D447A8100701817 /* Express */ = {
			isa = PBXGroup;
			children = (
				E617B41B1D4498E500701817 /* Model */,
				E617B4171D44913600701817 /* Controller */,
				E617B3FD1D447A8100701817 /* AppDelegate.h */,
				E617B3FE1D447A8100701817 /* AppDelegate.m */,
				E617B4091D447A8100701817 /* Assets.xcassets */,
				E617B3FA1D447A8100701817 /* Supporting Files */,
			);
			path = Express;
			sourceTree = "<group>";
		};
		E617B3FA1D447A8100701817 /* Supporting Files */ = {
			isa = PBXGroup;
			children = (
				E617B4061D447A8100701817 /* Main.storyboard */,
				E617B40B1D447A8100701817 /* LaunchScreen.storyboard */,
				E617B40E1D447A8100701817 /* Info.plist */,
				E617B3FB1D447A8100701817 /* main.m */,
			);
			name = "Supporting Files";
			sourceTree = "<group>";
		};
		E617B4171D44913600701817 /* Controller */ = {
			isa = PBXGroup;
			children = (
				E617B4001D447A8100701817 /* FirstViewController.h */,
				E617B4011D447A8100701817 /* FirstViewController.m */,
				E617B4031D447A8100701817 /* SecondViewController.h */,
				E617B4041D447A8100701817 /* SecondViewController.m */,
				E617B4181D44973100701817 /* ExpressPhoneNumViewController.h */,
				E617B4191D44973100701817 /* ExpressPhoneNumViewController.m */,
				E6C8F9C71D47870200E52D0E /* ExpressTracesViewController.h */,
				E6C8F9C81D47870200E52D0E /* ExpressTracesViewController.m */,
				E639E67B1D49BD7D004C4D1A /* ChooseExpressViewController.h */,
				E639E67C1D49BD7D004C4D1A /* ChooseExpressViewController.m */,
				E606C3701D4F03AA00BE4A07 /* ScanQRCodeViewController.h */,
				E606C3711D4F03AA00BE4A07 /* ScanQRCodeViewController.m */,
			);
			name = Controller;
			sourceTree = "<group>";
		};
		E617B41B1D4498E500701817 /* Model */ = {
			isa = PBXGroup;
			children = (
				E6C8F9C11D473A3200E52D0E /* MF_Base64Additions.h */,
				E6C8F9C21D473A3200E52D0E /* MF_Base64Additions.m */,
				E6C8F9BB1D47321300E52D0E /* MD5.h */,
				E6C8F9BC1D47321300E52D0E /* MD5.m */,
				E617B41C1D44991900701817 /* ExpressPhoneNum.h */,
				E617B41D1D44991900701817 /* ExpressPhoneNum.m */,
				E6C8F9C41D4777BA00E52D0E /* ExpressInfo.h */,
				E6C8F9C51D4777BA00E52D0E /* ExpressInfo.m */,
			);
			name = Model;
			sourceTree = "<group>";
		};
/* End PBXGroup section */

/* Begin PBXNativeTarget section */
		E617B3F61D447A8100701817 /* Express */ = {
			isa = PBXNativeTarget;
			buildConfigurationList = E617B4111D447A8100701817 /* Build configuration list for PBXNativeTarget "Express" */;
			buildPhases = (
				694EA5DEE3EDBBCECB485C74 /* Check Pods Manifest.lock */,
				E617B3F31D447A8100701817 /* Sources */,
				E617B3F41D447A8100701817 /* Frameworks */,
				E617B3F51D447A8100701817 /* Resources */,
				C91711D5FDD2167DDCCFC766 /* Embed Pods Frameworks */,
				4204E3FC23C9E8907E9F4078 /* Copy Pods Resources */,
			);
			buildRules = (
			);
			dependencies = (
			);
			name = Express;
			productName = Express;
			productReference = E617B3F71D447A8100701817 /* Express.app */;
			productType = "com.apple.product-type.application";
		};
/* End PBXNativeTarget section */

/* Begin PBXProject section */
		E617B3EF1D447A8100701817 /* Project object */ = {
			isa = PBXProject;
			attributes = {
				LastUpgradeCheck = 0720;
				ORGANIZATIONNAME = LeeLom;
				TargetAttributes = {
					E617B3F61D447A8100701817 = {
						CreatedOnToolsVersion = 7.2;
						DevelopmentTeam = 3T4FHPLTNF;
					};
				};
			};
			buildConfigurationList = E617B3F21D447A8100701817 /* Build configuration list for PBXProject "Express" */;
			compatibilityVersion = "Xcode 3.2";
			developmentRegion = English;
			hasScannedForEncodings = 0;
			knownRegions = (
				en,
				Base,
			);
			mainGroup = E617B3EE1D447A8100701817;
			productRefGroup = E617B3F81D447A8100701817 /* Products */;
			projectDirPath = "";
			projectRoot = "";
			targets = (
				E617B3F61D447A8100701817 /* Express */,
			);
		};
/* End PBXProject section */

/* Begin PBXResourcesBuildPhase section */
		E617B3F51D447A8100701817 /* Resources */ = {
			isa = PBXResourcesBuildPhase;
			buildActionMask = 2147483647;
			files = (
				E617B40D1D447A8100701817 /* LaunchScreen.storyboard in Resources */,
				E617B40A1D447A8100701817 /* Assets.xcassets in Resources */,
				E617B4081D447A8100701817 /* Main.storyboard in Resources */,
			);
			runOnlyForDeploymentPostprocessing = 0;
		};
/* End PBXResourcesBuildPhase section */

/* Begin PBXShellScriptBuildPhase section */
		4204E3FC23C9E8907E9F4078 /* Copy Pods Resources */ = {
			isa = PBXShellScriptBuildPhase;
			buildActionMask = 2147483647;
			files = (
			);
			inputPaths = (
			);
			name = "Copy Pods Resources";
			outputPaths = (
			);
			runOnlyForDeploymentPostprocessing = 0;
			shellPath = /bin/sh;
			shellScript = "\"${SRCROOT}/Pods/Target Support Files/Pods/Pods-resources.sh\"\n";
			showEnvVarsInLog = 0;
		};
		694EA5DEE3EDBBCECB485C74 /* Check Pods Manifest.lock */ = {
			isa = PBXShellScriptBuildPhase;
			buildActionMask = 2147483647;
			files = (
			);
			inputPaths = (
			);
			name = "Check Pods Manifest.lock";
			outputPaths = (
			);
			runOnlyForDeploymentPostprocessing = 0;
			shellPath = /bin/sh;
			shellScript = "diff \"${PODS_ROOT}/../Podfile.lock\" \"${PODS_ROOT}/Manifest.lock\" > /dev/null\nif [[ $? != 0 ]] ; then\n    cat << EOM\nerror: The sandbox is not in sync with the Podfile.lock. Run 'pod install' or update your CocoaPods installation.\nEOM\n    exit 1\nfi\n";
			showEnvVarsInLog = 0;
		};
		C91711D5FDD2167DDCCFC766 /* Embed Pods Frameworks */ = {
			isa = PBXShellScriptBuildPhase;
			buildActionMask = 2147483647;
			files = (
			);
			inputPaths = (
			);
			name = "Embed Pods Frameworks";
			outputPaths = (
			);
			runOnlyForDeploymentPostprocessing = 0;
			shellPath = /bin/sh;
			shellScript = "\"${SRCROOT}/Pods/Target Support Files/Pods/Pods-frameworks.sh\"\n";
			showEnvVarsInLog = 0;
		};
/* End PBXShellScriptBuildPhase section */

/* Begin PBXSourcesBuildPhase section */
		E617B3F31D447A8100701817 /* Sources */ = {
			isa = PBXSourcesBuildPhase;
			buildActionMask = 2147483647;
			files = (
				E617B4051D447A8100701817 /* SecondViewController.m in Sources */,
				E6C8F9C61D4777BA00E52D0E /* ExpressInfo.m in Sources */,
				E617B3FF1D447A8100701817 /* AppDelegate.m in Sources */,
				E6C8F9BD1D47321300E52D0E /* MD5.m in Sources */,
				E617B41E1D44991900701817 /* ExpressPhoneNum.m in Sources */,
				E6C8F9C91D47870200E52D0E /* ExpressTracesViewController.m in Sources */,
				E617B4021D447A8100701817 /* FirstViewController.m in Sources */,
				E6C8F9C31D473A3200E52D0E /* MF_Base64Additions.m in Sources */,
				E617B3FC1D447A8100701817 /* main.m in Sources */,
				E639E67D1D49BD7D004C4D1A /* ChooseExpressViewController.m in Sources */,
				E617B41A1D44973100701817 /* ExpressPhoneNumViewController.m in Sources */,
				E606C3721D4F03AA00BE4A07 /* ScanQRCodeViewController.m in Sources */,
			);
			runOnlyForDeploymentPostprocessing = 0;
		};
/* End PBXSourcesBuildPhase section */

/* Begin PBXVariantGroup section */
		E617B4061D447A8100701817 /* Main.storyboard */ = {
			isa = PBXVariantGroup;
			children = (
				E617B4071D447A8100701817 /* Base */,
			);
			name = Main.storyboard;
			sourceTree = "<group>";
		};
		E617B40B1D447A8100701817 /* LaunchScreen.storyboard */ = {
			isa = PBXVariantGroup;
			children = (
				E617B40C1D447A8100701817 /* Base */,
			);
			name = LaunchScreen.storyboard;
			sourceTree = "<group>";
		};
/* End PBXVariantGroup section */

/* Begin XCBuildConfiguration section */
		E617B40F1D447A8100701817 /* Debug */ = {
			isa = XCBuildConfiguration;
			buildSettings = {
				ALWAYS_SEARCH_USER_PATHS = NO;
				CLANG_CXX_LANGUAGE_STANDARD = "gnu++0x";
				CLANG_CXX_LIBRARY = "libc++";
				CLANG_ENABLE_MODULES = YES;
				CLANG_ENABLE_OBJC_ARC = YES;
				CLANG_WARN_BOOL_CONVERSION = YES;
				CLANG_WARN_CONSTANT_CONVERSION = YES;
				CLANG_WARN_DIRECT_OBJC_ISA_USAGE = YES_ERROR;
				CLANG_WARN_EMPTY_BODY = YES;
				CLANG_WARN_ENUM_CONVERSION = YES;
				CLANG_WARN_INT_CONVERSION = YES;
				CLANG_WARN_OBJC_ROOT_CLASS = YES_ERROR;
				CLANG_WARN_UNREACHABLE_CODE = YES;
				CLANG_WARN__DUPLICATE_METHOD_MATCH = YES;
				"CODE_SIGN_IDENTITY[sdk=iphoneos*]" = "iPhone Developer";
				COPY_PHASE_STRIP = NO;
				DEBUG_INFORMATION_FORMAT = dwarf;
				ENABLE_STRICT_OBJC_MSGSEND = YES;
				ENABLE_TESTABILITY = YES;
				GCC_C_LANGUAGE_STANDARD = gnu99;
				GCC_DYNAMIC_NO_PIC = NO;
				GCC_NO_COMMON_BLOCKS = YES;
				GCC_OPTIMIZATION_LEVEL = 0;
				GCC_PREPROCESSOR_DEFINITIONS = (
					"DEBUG=1",
					"$(inherited)",
				);
				GCC_WARN_64_TO_32_BIT_CONVERSION = YES;
				GCC_WARN_ABOUT_RETURN_TYPE = YES_ERROR;
				GCC_WARN_UNDECLARED_SELECTOR = YES;
				GCC_WARN_UNINITIALIZED_AUTOS = YES_AGGRESSIVE;
				GCC_WARN_UNUSED_FUNCTION = YES;
				GCC_WARN_UNUSED_VARIABLE = YES;
				IPHONEOS_DEPLOYMENT_TARGET = 9.2;
				MTL_ENABLE_DEBUG_INFO = YES;
				ONLY_ACTIVE_ARCH = YES;
				SDKROOT = iphoneos;
			};
			name = Debug;
		};
		E617B4101D447A8100701817 /* Release */ = {
			isa = XCBuildConfiguration;
			buildSettings = {
				ALWAYS_SEARCH_USER_PATHS = NO;
				CLANG_CXX_LANGUAGE_STANDARD = "gnu++0x";
				CLANG_CXX_LIBRARY = "libc++";
				CLANG_ENABLE_MODULES = YES;
				CLANG_ENABLE_OBJC_ARC = YES;
				CLANG_WARN_BOOL_CONVERSION = YES;
				CLANG_WARN_CONSTANT_CONVERSION = YES;
				CLANG_WARN_DIRECT_OBJC_ISA_USAGE = YES_ERROR;
				CLANG_WARN_EMPTY_BODY = YES;
				CLANG_WARN_ENUM_CONVERSION = YES;
				CLANG_WARN_INT_CONVERSION = YES;
				CLANG_WARN_OBJC_ROOT_CLASS = YES_ERROR;
				CLANG_WARN_UNREACHABLE_CODE = YES;
				CLANG_WARN__DUPLICATE_METHOD_MATCH = YES;
				"CODE_SIGN_IDENTITY[sdk=iphoneos*]" = "iPhone Developer";
				COPY_PHASE_STRIP = NO;
				DEBUG_INFORMATION_FORMAT = "dwarf-with-dsym";
				ENABLE_NS_ASSERTIONS = NO;
				ENABLE_STRICT_OBJC_MSGSEND = YES;
				GCC_C_LANGUAGE_STANDARD = gnu99;
				GCC_NO_COMMON_BLOCKS = YES;
				GCC_WARN_64_TO_32_BIT_CONVERSION = YES;
				GCC_WARN_ABOUT_RETURN_TYPE = YES_ERROR;
				GCC_WARN_UNDECLARED_SELECTOR = YES;
				GCC_WARN_UNINITIALIZED_AUTOS = YES_AGGRESSIVE;
				GCC_WARN_UNUSED_FUNCTION = YES;
				GCC_WARN_UNUSED_VARIABLE = YES;
				IPHONEOS_DEPLOYMENT_TARGET = 9.2;
				MTL_ENABLE_DEBUG_INFO = NO;
				SDKROOT = iphoneos;
				VALIDATE_PRODUCT = YES;
			};
			name = Release;
		};
		E617B4121D447A8100701817 /* Debug */ = {
			isa = XCBuildConfiguration;
			baseConfigurationReference = FFDF3D313DDDC8BF5A6C090E /* Pods.debug.xcconfig */;
			buildSettings = {
				ASSETCATALOG_COMPILER_APPICON_NAME = AppIcon;
				INFOPLIST_FILE = Express/Info.plist;
				LD_RUNPATH_SEARCH_PATHS = "$(inherited) @executable_path/Frameworks";
				PRODUCT_BUNDLE_IDENTIFIER = bupt.leelom.Express;
				PRODUCT_NAME = "$(TARGET_NAME)";
			};
			name = Debug;
		};
		E617B4131D447A8100701817 /* Release */ = {
			isa = XCBuildConfiguration;
			baseConfigurationReference = 2F083285BD1B91DA42DEE32C /* Pods.release.xcconfig */;
			buildSettings = {
				ASSETCATALOG_COMPILER_APPICON_NAME = AppIcon;
				INFOPLIST_FILE = Express/Info.plist;
				LD_RUNPATH_SEARCH_PATHS = "$(inherited) @executable_path/Frameworks";
				PRODUCT_BUNDLE_IDENTIFIER = bupt.leelom.Express;
				PRODUCT_NAME = "$(TARGET_NAME)";
			};
			name = Release;
		};
/* End XCBuildConfiguration section */

/* Begin XCConfigurationList section */
		E617B3F21D447A8100701817 /* Build configuration list for PBXProject "Express" */ = {
			isa = XCConfigurationList;
			buildConfigurations = (
				E617B40F1D447A8100701817 /* Debug */,
				E617B4101D447A8100701817 /* Release */,
			);
			defaultConfigurationIsVisible = 0;
			defaultConfigurationName = Release;
		};
		E617B4111D447A8100701817 /* Build configuration list for PBXNativeTarget "Express" */ = {
			isa = XCConfigurationList;
			buildConfigurations = (
				E617B4121D447A8100701817 /* Debug */,
				E617B4131D447A8100701817 /* Release */,
			);
			defaultConfigurationIsVisible = 0;
			defaultConfigurationName = Release;
		};
/* End XCConfigurationList section */
	};
	rootObject = E617B3EF1D447A8100701817 /* Project object */;
}
